
Microsoft Visual Studio Solution File, Format Version 12.00
# Visual Studio Version 17
VisualStudioVersion = 17.8.34511.84
MinimumVisualStudioVersion = 10.0.40219.1
Project("{9A19103F-16F7-4668-BE54-9A1E7A4F7556}") = "SpiritsFirstTry", "SpiritsFirstTry\SpiritsFirstTry.csproj", "{356AA8D8-9814-4A04-B5D7-F1C5ED85C787}"
EndProject
Global
	GlobalSection(SolutionConfigurationPlatforms) = preSolution
		Debug|Any CPU = Debug|Any CPU
		Release|Any CPU = Release|Any CPU
	EndGlobalSection
	GlobalSection(ProjectConfigurationPlatforms) = postSolution
		{356AA8D8-9814-4A04-B5D7-F1C5ED85C787}.Debug|Any CPU.ActiveCfg = Debug|Any CPU
		{356AA8D8-9814-4A04-B5D7-F1C5ED85C787}.Debug|Any CPU.Build.0 = Debug|Any CPU
		{356AA8D8-9814-4A04-B5D7-F1C5ED85C787}.Debug|Any CPU.Deploy.0 = Debug|Any CPU
		{356AA8D8-9814-4A04-B5D7-F1C5ED85C787}.Release|Any CPU.ActiveCfg = Release|Any CPU
		{356AA8D8-9814-4A04-B5D7-F1C5ED85C787}.Release|Any CPU.Build.0 = Release|Any CPU
		{356AA8D8-9814-4A04-B5D7-F1C5ED85C787}.Release|Any CPU.Deploy.0 = Release|Any CPU
	EndGlobalSection
	GlobalSection(SolutionProperties) = preSolution
		HideSolutionNode = FALSE
	EndGlobalSection
	GlobalSection(ExtensibilityGlobals) = postSolution
		SolutionGuid = {F5ECB958-1F21-46AC-AA9C-D4A5BA6A97E2}
	EndGlobalSection
EndGlobal
